
Microsoft Visual Studio Solution File, Format Version 12.00
# Visual Studio 15
VisualStudioVersion = 15.0.26430.6
MinimumVisualStudioVersion = 10.0.40219.1
Project("{FAE04EC0-301F-11D3-BF4B-00C04F79EFBC}") = "StorageDroid.Android", "StorageDroid\StorageDroid.Android\StorageDroid.Android.csproj", "{D7BE104B-7DA0-4284-AF2C-9127B45BF1F6}"
EndProject
Project("{FAE04EC0-301F-11D3-BF4B-00C04F79EFBC}") = "StorageDroid", "StorageDroid\StorageDroid\StorageDroid.csproj", "{B2E1BFA5-0B96-44AD-BCE5-A7D244ADA72C}"
EndProject
Global
	GlobalSection(SolutionConfigurationPlatforms) = preSolution
		Debug|Any CPU = Debug|Any CPU
		Debug|iPhone = Debug|iPhone
		Debug|iPhoneSimulator = Debug|iPhoneSimulator
		Release|Any CPU = Release|Any CPU
		Release|iPhone = Release|iPhone
		Release|iPhoneSimulator = Release|iPhoneSimulator
	EndGlobalSection
	GlobalSection(ProjectConfigurationPlatforms) = postSolution
		{D7BE104B-7DA0-4284-AF2C-9127B45BF1F6}.Debug|Any CPU.ActiveCfg = Debug|Any CPU
		{D7BE104B-7DA0-4284-AF2C-9127B45BF1F6}.Debug|Any CPU.Build.0 = Debug|Any CPU
		{D7BE104B-7DA0-4284-AF2C-9127B45BF1F6}.Debug|Any CPU.Deploy.0 = Debug|Any CPU
		{D7BE104B-7DA0-4284-AF2C-9127B45BF1F6}.Debug|iPhone.ActiveCfg = Debug|Any CPU
		{D7BE104B-7DA0-4284-AF2C-9127B45BF1F6}.Debug|iPhone.Build.0 = Debug|Any CPU
		{D7BE104B-7DA0-4284-AF2C-9127B45BF1F6}.Debug|iPhone.Deploy.0 = Debug|Any CPU
		{D7BE104B-7DA0-4284-AF2C-9127B45BF1F6}.Debug|iPhoneSimulator.ActiveCfg = Debug|Any CPU
		{D7BE104B-7DA0-4284-AF2C-9127B45BF1F6}.Debug|iPhoneSimulator.Build.0 = Debug|Any CPU
		{D7BE104B-7DA0-4284-AF2C-9127B45BF1F6}.Debug|iPhoneSimulator.Deploy.0 = Debug|Any CPU
		{D7BE104B-7DA0-4284-AF2C-9127B45BF1F6}.Release|Any CPU.ActiveCfg = Release|Any CPU
		{D7BE104B-7DA0-4284-AF2C-9127B45BF1F6}.Release|Any CPU.Build.0 = Release|Any CPU
		{D7BE104B-7DA0-4284-AF2C-9127B45BF1F6}.Release|Any CPU.Deploy.0 = Release|Any CPU
		{D7BE104B-7DA0-4284-AF2C-9127B45BF1F6}.Release|iPhone.ActiveCfg = Release|Any CPU
		{D7BE104B-7DA0-4284-AF2C-9127B45BF1F6}.Release|iPhone.Build.0 = Release|Any CPU
		{D7BE104B-7DA0-4284-AF2C-9127B45BF1F6}.Release|iPhone.Deploy.0 = Release|Any CPU
		{D7BE104B-7DA0-4284-AF2C-9127B45BF1F6}.Release|iPhoneSimulator.ActiveCfg = Release|Any CPU
		{D7BE104B-7DA0-4284-AF2C-9127B45BF1F6}.Release|iPhoneSimulator.Build.0 = Release|Any CPU
		{D7BE104B-7DA0-4284-AF2C-9127B45BF1F6}.Release|iPhoneSimulator.Deploy.0 = Release|Any CPU
		{B2E1BFA5-0B96-44AD-BCE5-A7D244ADA72C}.Debug|Any CPU.ActiveCfg = Debug|Any CPU
		{B2E1BFA5-0B96-44AD-BCE5-A7D244ADA72C}.Debug|Any CPU.Build.0 = Debug|Any CPU
		{B2E1BFA5-0B96-44AD-BCE5-A7D244ADA72C}.Debug|iPhone.ActiveCfg = Debug|Any CPU
		{B2E1BFA5-0B96-44AD-BCE5-A7D244ADA72C}.Debug|iPhone.Build.0 = Debug|Any CPU
		{B2E1BFA5-0B96-44AD-BCE5-A7D244ADA72C}.Debug|iPhoneSimulator.ActiveCfg = Debug|Any CPU
		{B2E1BFA5-0B96-44AD-BCE5-A7D244ADA72C}.Debug|iPhoneSimulator.Build.0 = Debug|Any CPU
		{B2E1BFA5-0B96-44AD-BCE5-A7D244ADA72C}.Release|Any CPU.ActiveCfg = Release|Any CPU
		{B2E1BFA5-0B96-44AD-BCE5-A7D244ADA72C}.Release|Any CPU.Build.0 = Release|Any CPU
		{B2E1BFA5-0B96-44AD-BCE5-A7D244ADA72C}.Release|iPhone.ActiveCfg = Release|Any CPU
		{B2E1BFA5-0B96-44AD-BCE5-A7D244ADA72C}.Release|iPhone.Build.0 = Release|Any CPU
		{B2E1BFA5-0B96-44AD-BCE5-A7D244ADA72C}.Release|iPhoneSimulator.ActiveCfg = Release|Any CPU
		{B2E1BFA5-0B96-44AD-BCE5-A7D244ADA72C}.Release|iPhoneSimulator.Build.0 = Release|Any CPU
	EndGlobalSection
	GlobalSection(SolutionProperties) = preSolution
		HideSolutionNode = FALSE
	EndGlobalSection
EndGlobal
